// !$*UTF8*$!
{
	archiveVersion = 1;
	classes = {
	};
	objectVersion = 46;
	objects = {

/* Begin PBXBuildFile section */
		671613331B29DA73004A7DD5 /* RootController.m in Sources */ = {isa = PBXBuildFile; fileRef = 671613311B29DA72004A7DD5 /* RootController.m */; };
		671613341B29DA73004A7DD5 /* RootController.xib in Resources */ = {isa = PBXBuildFile; fileRef = 671613321B29DA72004A7DD5 /* RootController.xib */; };
		67472D381B29976B00212378 /* DetailsController.m in Sources */ = {isa = PBXBuildFile; fileRef = 67472D361B29976B00212378 /* DetailsController.m */; };
		67472D391B29976B00212378 /* DetailsController.xib in Resources */ = {isa = PBXBuildFile; fileRef = 67472D371B29976B00212378 /* DetailsController.xib */; };
		6750F2A81B2BE429004FF9B9 /* CommonController.m in Sources */ = {isa = PBXBuildFile; fileRef = 6750F2A71B2BE429004FF9B9 /* CommonController.m */; };
		677BF90E1B2B901300E67A47 /* down_arrow.png in Resources */ = {isa = PBXBuildFile; fileRef = 677BF90D1B2B901300E67A47 /* down_arrow.png */; };
		678639181B2AD557009F7680 /* SymbolicateMemory.m in Sources */ = {isa = PBXBuildFile; fileRef = 678639161B2AD557009F7680 /* SymbolicateMemory.m */; };
		678639191B2AD557009F7680 /* SymbolicateMemory.xib in Resources */ = {isa = PBXBuildFile; fileRef = 678639171B2AD557009F7680 /* SymbolicateMemory.xib */; };
		67BC08681B2B30E50014D37E /* resymbolicate in Resources */ = {isa = PBXBuildFile; fileRef = 67BC08671B2B30E50014D37E /* resymbolicate */; };
		67BF2FC91B1C927F00B8114E /* AppKit.framework in Frameworks */ = {isa = PBXBuildFile; fileRef = 67BF2FC81B1C927F00B8114E /* AppKit.framework */; };
		67BF2FCB1B1C927F00B8114E /* Foundation.framework in Frameworks */ = {isa = PBXBuildFile; fileRef = 67BF2FCA1B1C927F00B8114E /* Foundation.framework */; };
		67BF2FD01B1C927F00B8114E /* SymbolicationPlugin.xcscheme in Resources */ = {isa = PBXBuildFile; fileRef = 67BF2FCF1B1C927F00B8114E /* SymbolicationPlugin.xcscheme */; };
		67BF2FD31B1C927F00B8114E /* SymbolicationPlugin.m in Sources */ = {isa = PBXBuildFile; fileRef = 67BF2FD21B1C927F00B8114E /* SymbolicationPlugin.m */; };
		67BF2FD61B1C927F00B8114E /* NSObject_Extension.m in Sources */ = {isa = PBXBuildFile; fileRef = 67BF2FD51B1C927F00B8114E /* NSObject_Extension.m */; };
		67DDC7601B1DD50C002D0CB2 /* MainWindow.m in Sources */ = {isa = PBXBuildFile; fileRef = 67DDC75E1B1DD50C002D0CB2 /* MainWindow.m */; };
		67DDC7611B1DD50C002D0CB2 /* MainWindow.xib in Resources */ = {isa = PBXBuildFile; fileRef = 67DDC75F1B1DD50C002D0CB2 /* MainWindow.xib */; };
/* End PBXBuildFile section */

/* Begin PBXFileReference section */
		671613301B29DA72004A7DD5 /* RootController.h */ = {isa = PBXFileReference; fileEncoding = 4; lastKnownFileType = sourcecode.c.h; path = RootController.h; sourceTree = "<group>"; };
		671613311B29DA72004A7DD5 /* RootController.m */ = {isa = PBXFileReference; fileEncoding = 4; lastKnownFileType = sourcecode.c.objc; path = RootController.m; sourceTree = "<group>"; };
		671613321B29DA72004A7DD5 /* RootController.xib */ = {isa = PBXFileReference; fileEncoding = 4; lastKnownFileType = file.xib; path = RootController.xib; sourceTree = "<group>"; };
		67472D351B29976B00212378 /* DetailsController.h */ = {isa = PBXFileReference; fileEncoding = 4; lastKnownFileType = sourcecode.c.h; path = DetailsController.h; sourceTree = "<group>"; };
		67472D361B29976B00212378 /* DetailsController.m */ = {isa = PBXFileReference; fileEncoding = 4; lastKnownFileType = sourcecode.c.objc; path = DetailsController.m; sourceTree = "<group>"; };
		67472D371B29976B00212378 /* DetailsController.xib */ = {isa = PBXFileReference; fileEncoding = 4; lastKnownFileType = file.xib; path = DetailsController.xib; sourceTree = "<group>"; };
		6750F2A61B2BE429004FF9B9 /* CommonController.h */ = {isa = PBXFileReference; fileEncoding = 4; lastKnownFileType = sourcecode.c.h; path = CommonController.h; sourceTree = "<group>"; };
		6750F2A71B2BE429004FF9B9 /* CommonController.m */ = {isa = PBXFileReference; fileEncoding = 4; lastKnownFileType = sourcecode.c.objc; path = CommonController.m; sourceTree = "<group>"; };
		677BF90D1B2B901300E67A47 /* down_arrow.png */ = {isa = PBXFileReference; lastKnownFileType = image.png; path = down_arrow.png; sourceTree = "<group>"; };
		678639151B2AD557009F7680 /* SymbolicateMemory.h */ = {isa = PBXFileReference; fileEncoding = 4; lastKnownFileType = sourcecode.c.h; path = SymbolicateMemory.h; sourceTree = "<group>"; };
		678639161B2AD557009F7680 /* SymbolicateMemory.m */ = {isa = PBXFileReference; fileEncoding = 4; lastKnownFileType = sourcecode.c.objc; path = SymbolicateMemory.m; sourceTree = "<group>"; };
		678639171B2AD557009F7680 /* SymbolicateMemory.xib */ = {isa = PBXFileReference; fileEncoding = 4; lastKnownFileType = file.xib; path = SymbolicateMemory.xib; sourceTree = "<group>"; };
		67BC08671B2B30E50014D37E /* resymbolicate */ = {isa = PBXFileReference; fileEncoding = 4; lastKnownFileType = text.script.sh; path = resymbolicate; sourceTree = "<group>"; };
		67BF2FC51B1C927E00B8114E /* SymbolicationPlugin.xcplugin */ = {isa = PBXFileReference; explicitFileType = wrapper.cfbundle; includeInIndex = 0; path = SymbolicationPlugin.xcplugin; sourceTree = BUILT_PRODUCTS_DIR; };
		67BF2FC81B1C927F00B8114E /* AppKit.framework */ = {isa = PBXFileReference; lastKnownFileType = wrapper.framework; name = AppKit.framework; path = /System/Library/Frameworks/AppKit.framework; sourceTree = "<absolute>"; };
		67BF2FCA1B1C927F00B8114E /* Foundation.framework */ = {isa = PBXFileReference; lastKnownFileType = wrapper.framework; name = Foundation.framework; path = /System/Library/Frameworks/Foundation.framework; sourceTree = "<absolute>"; };
		67BF2FCE1B1C927F00B8114E /* Info.plist */ = {isa = PBXFileReference; lastKnownFileType = text.plist.xml; path = Info.plist; sourceTree = "<group>"; };
		67BF2FCF1B1C927F00B8114E /* SymbolicationPlugin.xcscheme */ = {isa = PBXFileReference; lastKnownFileType = text.xml; name = SymbolicationPlugin.xcscheme; path = SymbolicationPlugin.xcodeproj/xcshareddata/xcschemes/SymbolicationPlugin.xcscheme; sourceTree = SOURCE_ROOT; };
		67BF2FD11B1C927F00B8114E /* SymbolicationPlugin.h */ = {isa = PBXFileReference; lastKnownFileType = sourcecode.c.h; path = SymbolicationPlugin.h; sourceTree = "<group>"; };
		67BF2FD21B1C927F00B8114E /* SymbolicationPlugin.m */ = {isa = PBXFileReference; lastKnownFileType = sourcecode.c.objc; path = SymbolicationPlugin.m; sourceTree = "<group>"; };
		67BF2FD41B1C927F00B8114E /* NSObject_Extension.h */ = {isa = PBXFileReference; lastKnownFileType = sourcecode.c.h; path = NSObject_Extension.h; sourceTree = "<group>"; };
		67BF2FD51B1C927F00B8114E /* NSObject_Extension.m */ = {isa = PBXFileReference; lastKnownFileType = sourcecode.c.objc; path = NSObject_Extension.m; sourceTree = "<group>"; };
		67DDC75D1B1DD50C002D0CB2 /* MainWindow.h */ = {isa = PBXFileReference; fileEncoding = 4; lastKnownFileType = sourcecode.c.h; path = MainWindow.h; sourceTree = "<group>"; };
		67DDC75E1B1DD50C002D0CB2 /* MainWindow.m */ = {isa = PBXFileReference; fileEncoding = 4; lastKnownFileType = sourcecode.c.objc; path = MainWindow.m; sourceTree = "<group>"; };
		67DDC75F1B1DD50C002D0CB2 /* MainWindow.xib */ = {isa = PBXFileReference; fileEncoding = 4; lastKnownFileType = file.xib; path = MainWindow.xib; sourceTree = "<group>"; };
/* End PBXFileReference section */

/* Begin PBXFrameworksBuildPhase section */
		67BF2FC31B1C927E00B8114E /* Frameworks */ = {
			isa = PBXFrameworksBuildPhase;
			buildActionMask = 2147483647;
			files = (
				67BF2FC91B1C927F00B8114E /* AppKit.framework in Frameworks */,
				67BF2FCB1B1C927F00B8114E /* Foundation.framework in Frameworks */,
			);
			runOnlyForDeploymentPostprocessing = 0;
		};
/* End PBXFrameworksBuildPhase section */

/* Begin PBXGroup section */
		67854FD91B2BF145002FEE28 /* GUI */ = {
			isa = PBXGroup;
			children = (
				67DDC75D1B1DD50C002D0CB2 /* MainWindow.h */,
				67DDC75E1B1DD50C002D0CB2 /* MainWindow.m */,
				67DDC75F1B1DD50C002D0CB2 /* MainWindow.xib */,
				6750F2A61B2BE429004FF9B9 /* CommonController.h */,
				6750F2A71B2BE429004FF9B9 /* CommonController.m */,
				671613301B29DA72004A7DD5 /* RootController.h */,
				671613311B29DA72004A7DD5 /* RootController.m */,
				671613321B29DA72004A7DD5 /* RootController.xib */,
				67472D351B29976B00212378 /* DetailsController.h */,
				67472D361B29976B00212378 /* DetailsController.m */,
				67472D371B29976B00212378 /* DetailsController.xib */,
				678639151B2AD557009F7680 /* SymbolicateMemory.h */,
				678639161B2AD557009F7680 /* SymbolicateMemory.m */,
				678639171B2AD557009F7680 /* SymbolicateMemory.xib */,
			);
			name = GUI;
			sourceTree = "<group>";
		};
		67854FDA1B2BF164002FEE28 /* Script */ = {
			isa = PBXGroup;
			children = (
				67BC08671B2B30E50014D37E /* resymbolicate */,
			);
			name = Script;
			sourceTree = "<group>";
		};
		67854FDB1B2BF16D002FEE28 /* Images */ = {
			isa = PBXGroup;
			children = (
				677BF90D1B2B901300E67A47 /* down_arrow.png */,
			);
			name = Images;
			sourceTree = "<group>";
		};
		67BF2FBC1B1C927E00B8114E = {
			isa = PBXGroup;
			children = (
				67BF2FCC1B1C927F00B8114E /* SymbolicationPlugin */,
				67BF2FC71B1C927F00B8114E /* Frameworks */,
				67BF2FC61B1C927E00B8114E /* Products */,
			);
			sourceTree = "<group>";
		};
		67BF2FC61B1C927E00B8114E /* Products */ = {
			isa = PBXGroup;
			children = (
				67BF2FC51B1C927E00B8114E /* SymbolicationPlugin.xcplugin */,
			);
			name = Products;
			sourceTree = "<group>";
		};
		67BF2FC71B1C927F00B8114E /* Frameworks */ = {
			isa = PBXGroup;
			children = (
				67BF2FC81B1C927F00B8114E /* AppKit.framework */,
				67BF2FCA1B1C927F00B8114E /* Foundation.framework */,
			);
			name = Frameworks;
			sourceTree = "<group>";
		};
		67BF2FCC1B1C927F00B8114E /* SymbolicationPlugin */ = {
			isa = PBXGroup;
			children = (
				67BF2FD11B1C927F00B8114E /* SymbolicationPlugin.h */,
				67BF2FD21B1C927F00B8114E /* SymbolicationPlugin.m */,
				67BF2FD41B1C927F00B8114E /* NSObject_Extension.h */,
				67BF2FD51B1C927F00B8114E /* NSObject_Extension.m */,
				67854FDB1B2BF16D002FEE28 /* Images */,
				67854FDA1B2BF164002FEE28 /* Script */,
				67854FD91B2BF145002FEE28 /* GUI */,
				67BF2FCD1B1C927F00B8114E /* Supporting Files */,
			);
			path = SymbolicationPlugin;
			sourceTree = "<group>";
		};
		67BF2FCD1B1C927F00B8114E /* Supporting Files */ = {
			isa = PBXGroup;
			children = (
				67BF2FCE1B1C927F00B8114E /* Info.plist */,
				67BF2FCF1B1C927F00B8114E /* SymbolicationPlugin.xcscheme */,
			);
			name = "Supporting Files";
			sourceTree = "<group>";
		};
/* End PBXGroup section */

/* Begin PBXNativeTarget section */
		67BF2FC41B1C927E00B8114E /* SymbolicationPlugin */ = {
			isa = PBXNativeTarget;
			buildConfigurationList = 67BF2FD91B1C927F00B8114E /* Build configuration list for PBXNativeTarget "SymbolicationPlugin" */;
			buildPhases = (
				67BF2FC11B1C927E00B8114E /* Sources */,
				67BF2FC21B1C927E00B8114E /* Resources */,
				67BF2FC31B1C927E00B8114E /* Frameworks */,
			);
			buildRules = (
			);
			dependencies = (
			);
			name = SymbolicationPlugin;
			productName = SymbolicationPlugin;
			productReference = 67BF2FC51B1C927E00B8114E /* SymbolicationPlugin.xcplugin */;
			productType = "com.apple.product-type.bundle";
		};
/* End PBXNativeTarget section */

/* Begin PBXProject section */
		67BF2FBD1B1C927E00B8114E /* Project object */ = {
			isa = PBXProject;
			attributes = {
				LastUpgradeCheck = 0710;
				ORGANIZATIONNAME = "Mahesh Shanbhag";
				TargetAttributes = {
					67BF2FC41B1C927E00B8114E = {
						CreatedOnToolsVersion = 6.3.2;
					};
				};
			};
			buildConfigurationList = 67BF2FC01B1C927E00B8114E /* Build configuration list for PBXProject "SymbolicationPlugin" */;
			compatibilityVersion = "Xcode 3.2";
			developmentRegion = English;
			hasScannedForEncodings = 0;
			knownRegions = (
				en,
			);
			mainGroup = 67BF2FBC1B1C927E00B8114E;
			productRefGroup = 67BF2FC61B1C927E00B8114E /* Products */;
			projectDirPath = "";
			projectRoot = "";
			targets = (
				67BF2FC41B1C927E00B8114E /* SymbolicationPlugin */,
			);
		};
/* End PBXProject section */

/* Begin PBXResourcesBuildPhase section */
		67BF2FC21B1C927E00B8114E /* Resources */ = {
			isa = PBXResourcesBuildPhase;
			buildActionMask = 2147483647;
			files = (
				677BF90E1B2B901300E67A47 /* down_arrow.png in Resources */,
				67DDC7611B1DD50C002D0CB2 /* MainWindow.xib in Resources */,
				67472D391B29976B00212378 /* DetailsController.xib in Resources */,
				67BF2FD01B1C927F00B8114E /* SymbolicationPlugin.xcscheme in Resources */,
				671613341B29DA73004A7DD5 /* RootController.xib in Resources */,
				67BC08681B2B30E50014D37E /* resymbolicate in Resources */,
				678639191B2AD557009F7680 /* SymbolicateMemory.xib in Resources */,
			);
			runOnlyForDeploymentPostprocessing = 0;
		};
/* End PBXResourcesBuildPhase section */

/* Begin PBXSourcesBuildPhase section */
		67BF2FC11B1C927E00B8114E /* Sources */ = {
			isa = PBXSourcesBuildPhase;
			buildActionMask = 2147483647;
			files = (
				67472D381B29976B00212378 /* DetailsController.m in Sources */,
				67BF2FD31B1C927F00B8114E /* SymbolicationPlugin.m in Sources */,
				67BF2FD61B1C927F00B8114E /* NSObject_Extension.m in Sources */,
				6750F2A81B2BE429004FF9B9 /* CommonController.m in Sources */,
				67DDC7601B1DD50C002D0CB2 /* MainWindow.m in Sources */,
				671613331B29DA73004A7DD5 /* RootController.m in Sources */,
				678639181B2AD557009F7680 /* SymbolicateMemory.m in Sources */,
			);
			runOnlyForDeploymentPostprocessing = 0;
		};
/* End PBXSourcesBuildPhase section */

/* Begin XCBuildConfiguration section */
		67BF2FD71B1C927F00B8114E /* Debug */ = {
			isa = XCBuildConfiguration;
			buildSettings = {
				ALWAYS_SEARCH_USER_PATHS = NO;
				CLANG_CXX_LANGUAGE_STANDARD = "gnu++0x";
				CLANG_CXX_LIBRARY = "libc++";
				CLANG_ENABLE_MODULES = YES;
				CLANG_ENABLE_OBJC_ARC = YES;
				CLANG_WARN_BOOL_CONVERSION = YES;
				CLANG_WARN_CONSTANT_CONVERSION = YES;
				CLANG_WARN_DIRECT_OBJC_ISA_USAGE = YES_ERROR;
				CLANG_WARN_EMPTY_BODY = YES;
				CLANG_WARN_ENUM_CONVERSION = YES;
				CLANG_WARN_INT_CONVERSION = YES;
				CLANG_WARN_OBJC_ROOT_CLASS = YES_ERROR;
				CLANG_WARN_UNREACHABLE_CODE = YES;
				CLANG_WARN__DUPLICATE_METHOD_MATCH = YES;
				COPY_PHASE_STRIP = NO;
				ENABLE_STRICT_OBJC_MSGSEND = YES;
				ENABLE_TESTABILITY = YES;
				GCC_C_LANGUAGE_STANDARD = gnu99;
				GCC_DYNAMIC_NO_PIC = NO;
				GCC_NO_COMMON_BLOCKS = YES;
				GCC_OPTIMIZATION_LEVEL = 0;
				GCC_PREPROCESSOR_DEFINITIONS = (
					"DEBUG=1",
					"$(inherited)",
				);
				GCC_SYMBOLS_PRIVATE_EXTERN = NO;
				GCC_WARN_64_TO_32_BIT_CONVERSION = YES;
				GCC_WARN_ABOUT_RETURN_TYPE = YES_ERROR;
				GCC_WARN_UNDECLARED_SELECTOR = YES;
				GCC_WARN_UNINITIALIZED_AUTOS = YES_AGGRESSIVE;
				GCC_WARN_UNUSED_FUNCTION = YES;
				GCC_WARN_UNUSED_VARIABLE = YES;
				MTL_ENABLE_DEBUG_INFO = YES;
				ONLY_ACTIVE_ARCH = YES;
			};
			name = Debug;
		};
		67BF2FD81B1C927F00B8114E /* Release */ = {
			isa = XCBuildConfiguration;
			buildSettings = {
				ALWAYS_SEARCH_USER_PATHS = NO;
				CLANG_CXX_LANGUAGE_STANDARD = "gnu++0x";
				CLANG_CXX_LIBRARY = "libc++";
				CLANG_ENABLE_MODULES = YES;
				CLANG_ENABLE_OBJC_ARC = YES;
				CLANG_WARN_BOOL_CONVERSION = YES;
				CLANG_WARN_CONSTANT_CONVERSION = YES;
				CLANG_WARN_DIRECT_OBJC_ISA_USAGE = YES_ERROR;
				CLANG_WARN_EMPTY_BODY = YES;
				CLANG_WARN_ENUM_CONVERSION = YES;
				CLANG_WARN_INT_CONVERSION = YES;
				CLANG_WARN_OBJC_ROOT_CLASS = YES_ERROR;
				CLANG_WARN_UNREACHABLE_CODE = YES;
				CLANG_WARN__DUPLICATE_METHOD_MATCH = YES;
				COPY_PHASE_STRIP = NO;
				ENABLE_NS_ASSERTIONS = NO;
				ENABLE_STRICT_OBJC_MSGSEND = YES;
				GCC_C_LANGUAGE_STANDARD = gnu99;
				GCC_NO_COMMON_BLOCKS = YES;
				GCC_WARN_64_TO_32_BIT_CONVERSION = YES;
				GCC_WARN_ABOUT_RETURN_TYPE = YES_ERROR;
				GCC_WARN_UNDECLARED_SELECTOR = YES;
				GCC_WARN_UNINITIALIZED_AUTOS = YES_AGGRESSIVE;
				GCC_WARN_UNUSED_FUNCTION = YES;
				GCC_WARN_UNUSED_VARIABLE = YES;
				MTL_ENABLE_DEBUG_INFO = NO;
			};
			name = Release;
		};
		67BF2FDA1B1C927F00B8114E /* Debug */ = {
			isa = XCBuildConfiguration;
			buildSettings = {
				COMBINE_HIDPI_IMAGES = YES;
				DEPLOYMENT_LOCATION = YES;
				DSTROOT = "$(HOME)";
				INFOPLIST_FILE = SymbolicationPlugin/Info.plist;
				INSTALL_PATH = "/Library/Application Support/Developer/Shared/Xcode/Plug-ins";
				MACOSX_DEPLOYMENT_TARGET = 10.10;
				PRODUCT_BUNDLE_IDENTIFIER = com.mahesh.SymbolicationPlugin;
				PRODUCT_NAME = "$(TARGET_NAME)";
				WRAPPER_EXTENSION = xcplugin;
			};
			name = Debug;
		};
		67BF2FDB1B1C927F00B8114E /* Release */ = {
			isa = XCBuildConfiguration;
			buildSettings = {
				COMBINE_HIDPI_IMAGES = YES;
				DEPLOYMENT_LOCATION = YES;
				DSTROOT = "$(HOME)";
				INFOPLIST_FILE = SymbolicationPlugin/Info.plist;
				INSTALL_PATH = "/Library/Application Support/Developer/Shared/Xcode/Plug-ins";
				MACOSX_DEPLOYMENT_TARGET = 10.10;
				PRODUCT_BUNDLE_IDENTIFIER = com.mahesh.SymbolicationPlugin;
				PRODUCT_NAME = "$(TARGET_NAME)";
				WRAPPER_EXTENSION = xcplugin;
			};
			name = Release;
		};
/* End XCBuildConfiguration section */

/* Begin XCConfigurationList section */
		67BF2FC01B1C927E00B8114E /* Build configuration list for PBXProject "SymbolicationPlugin" */ = {
			isa = XCConfigurationList;
			buildConfigurations = (
				67BF2FD71B1C927F00B8114E /* Debug */,
				67BF2FD81B1C927F00B8114E /* Release */,
			);
			defaultConfigurationIsVisible = 0;
			defaultConfigurationName = Release;
		};
		67BF2FD91B1C927F00B8114E /* Build configuration list for PBXNativeTarget "SymbolicationPlugin" */ = {
			isa = XCConfigurationList;
			buildConfigurations = (
				67BF2FDA1B1C927F00B8114E /* Debug */,
				67BF2FDB1B1C927F00B8114E /* Release */,
			);
			defaultConfigurationIsVisible = 0;
			defaultConfigurationName = Release;
		};
/* End XCConfigurationList section */
	};
	rootObject = 67BF2FBD1B1C927E00B8114E /* Project object */;
}
